// !$*UTF8*$!
{
	48A65560C2918B77EAF2F917 = {};
	04DC2A35C674DD8BEB67678E = {};
	4E2DF712943F9A0202EB4163 = {};
	7B26A4981F1DD7F8B86C4061 = {};
	170F5D70695433B60E1D9790 = {};
	9CB82D1A5212A28F99F342FE = {9CB82D1A5212A28F99F342FE = testValue; };
	13B736966BCD8682E653B658 = {};
	7FF885AF25BE380243763AF4 = {};
	A79F511DFD6863FDE5EAA7C9 = {};
	3DB78DD14AC2339013CD9A70 = {3DB78DD14AC2339013CD9A70 = testValue; };
	0EF046ED8C0485FE9435405C = {};
	CE0486EC6D37027D515F6F8B = {};
	26FE3EFDF71EB430FBA5F721 = {};
	1154B865F42911DFD4064848 = {1154B865F42911DFD4064848 = testValue; };
	4EE3C289B50C75B16A4FEE60 = {};
	5FB7AE8A6C9B2B2F43DA57BF = {};
	FB10C3C37BEB828D04CCBD18 = {};
	8624DFF3CC7BB694F1C8E410 = {8624DFF3CC7BB694F1C8E410 = testValue; };
}